// !$*UTF8*$!
{
	archiveVersion = 1;
	classes = {
	};
	objectVersion = 46;
	objects = {

/* Begin PBXBuildFile section */
		8E9B6D6213BBB9C600C8C4F8 /* UIKit.framework in Frameworks */ = {isa = PBXBuildFile; fileRef = 8E9B6D6113BBB9C600C8C4F8 /* UIKit.framework */; };
		8E9B6D6413BBB9C600C8C4F8 /* Foundation.framework in Frameworks */ = {isa = PBXBuildFile; fileRef = 8E9B6D6313BBB9C600C8C4F8 /* Foundation.framework */; };
		8E9B6D6613BBB9C600C8C4F8 /* CoreGraphics.framework in Frameworks */ = {isa = PBXBuildFile; fileRef = 8E9B6D6513BBB9C600C8C4F8 /* CoreGraphics.framework */; };
		8E9B6D6C13BBB9C600C8C4F8 /* InfoPlist.strings in Resources */ = {isa = PBXBuildFile; fileRef = 8E9B6D6A13BBB9C600C8C4F8 /* InfoPlist.strings */; };
		8E9B6D6E13BBB9C600C8C4F8 /* main.m in Sources */ = {isa = PBXBuildFile; fileRef = 8E9B6D6D13BBB9C600C8C4F8 /* main.m */; };
		8E9B6D7213BBB9C600C8C4F8 /* Hello_WorldAppDelegate.m in Sources */ = {isa = PBXBuildFile; fileRef = 8E9B6D7113BBB9C600C8C4F8 /* Hello_WorldAppDelegate.m */; };
		8E9B6D7513BBB9C600C8C4F8 /* MainStoryboard_iPhone.storyboard in Resources */ = {isa = PBXBuildFile; fileRef = 8E9B6D7313BBB9C600C8C4F8 /* MainStoryboard_iPhone.storyboard */; };
		8E9B6D7A13BBB9C600C8C4F8 /* Hello_WorldViewController.h in Resources */ = {isa = PBXBuildFile; fileRef = 8E9B6D7913BBB9C600C8C4F8 /* Hello_WorldViewController.h */; };
		8E9B6D7C13BBB9C600C8C4F8 /* Hello_WorldViewController.m in Sources */ = {isa = PBXBuildFile; fileRef = 8E9B6D7B13BBB9C600C8C4F8 /* Hello_WorldViewController.m */; };
		8E9B6D8313BBBAB900C8C4F8 /* icon.png in Resources */ = {isa = PBXBuildFile; fileRef = 8E9B6D8213BBBAB900C8C4F8 /* icon.png */; };
		8E9B6D8513BBBAC000C8C4F8 /* icon@2x.png in Resources */ = {isa = PBXBuildFile; fileRef = 8E9B6D8413BBBAC000C8C4F8 /* icon@2x.png */; };
		8E9B6D8813BBBAFC00C8C4F8 /* Default.png in Resources */ = {isa = PBXBuildFile; fileRef = 8E9B6D8713BBBAFC00C8C4F8 /* Default.png */; };
		8E9B6D8A13BBBAFF00C8C4F8 /* Default@2x.png in Resources */ = {isa = PBXBuildFile; fileRef = 8E9B6D8913BBBAFF00C8C4F8 /* Default@2x.png */; };
		8E9B6D8C13BBBB0A00C8C4F8 /* icon-iPad.png in Resources */ = {isa = PBXBuildFile; fileRef = 8E9B6D8B13BBBB0A00C8C4F8 /* icon-iPad.png */; };
		8E9B6D8E13BBBB0E00C8C4F8 /* Default-Landscape~ipad.png in Resources */ = {isa = PBXBuildFile; fileRef = 8E9B6D8D13BBBB0E00C8C4F8 /* Default-Landscape~ipad.png */; };
		8E9B6D9013BBBB1200C8C4F8 /* Default-Portrait~ipad.png in Resources */ = {isa = PBXBuildFile; fileRef = 8E9B6D8F13BBBB1200C8C4F8 /* Default-Portrait~ipad.png */; };
/* End PBXBuildFile section */

/* Begin PBXFileReference section */
		8E9B6D5D13BBB9C600C8C4F8 /* Hello World.app */ = {isa = PBXFileReference; explicitFileType = wrapper.application; includeInIndex = 0; path = "Hello World.app"; sourceTree = BUILT_PRODUCTS_DIR; };
		8E9B6D6113BBB9C600C8C4F8 /* UIKit.framework */ = {isa = PBXFileReference; lastKnownFileType = wrapper.framework; name = UIKit.framework; path = System/Library/Frameworks/UIKit.framework; sourceTree = SDKROOT; };
		8E9B6D6313BBB9C600C8C4F8 /* Foundation.framework */ = {isa = PBXFileReference; lastKnownFileType = wrapper.framework; name = Foundation.framework; path = System/Library/Frameworks/Foundation.framework; sourceTree = SDKROOT; };
		8E9B6D6513BBB9C600C8C4F8 /* CoreGraphics.framework */ = {isa = PBXFileReference; lastKnownFileType = wrapper.framework; name = CoreGraphics.framework; path = System/Library/Frameworks/CoreGraphics.framework; sourceTree = SDKROOT; };
		8E9B6D6913BBB9C600C8C4F8 /* Hello World-Info.plist */ = {isa = PBXFileReference; lastKnownFileType = text.plist.xml; path = "Hello World-Info.plist"; sourceTree = "<group>"; };
		8E9B6D6B13BBB9C600C8C4F8 /* en */ = {isa = PBXFileReference; lastKnownFileType = text.plist.strings; name = en; path = en.lproj/InfoPlist.strings; sourceTree = "<group>"; };
		8E9B6D6D13BBB9C600C8C4F8 /* main.m */ = {isa = PBXFileReference; lastKnownFileType = sourcecode.c.objc; path = main.m; sourceTree = "<group>"; };
		8E9B6D6F13BBB9C600C8C4F8 /* Hello World-Prefix.pch */ = {isa = PBXFileReference; lastKnownFileType = sourcecode.c.h; path = "Hello World-Prefix.pch"; sourceTree = "<group>"; };
		8E9B6D7013BBB9C600C8C4F8 /* Hello_WorldAppDelegate.h */ = {isa = PBXFileReference; lastKnownFileType = sourcecode.c.h; path = Hello_WorldAppDelegate.h; sourceTree = "<group>"; };
		8E9B6D7113BBB9C600C8C4F8 /* Hello_WorldAppDelegate.m */ = {isa = PBXFileReference; lastKnownFileType = sourcecode.c.objc; path = Hello_WorldAppDelegate.m; sourceTree = "<group>"; };
		8E9B6D7413BBB9C600C8C4F8 /* en */ = {isa = PBXFileReference; lastKnownFileType = file.storyboard; name = en; path = en.lproj/MainStoryboard_iPhone.storyboard; sourceTree = "<group>"; };
		8E9B6D7913BBB9C600C8C4F8 /* Hello_WorldViewController.h */ = {isa = PBXFileReference; lastKnownFileType = sourcecode.c.h; path = Hello_WorldViewController.h; sourceTree = "<group>"; };
		8E9B6D7B13BBB9C600C8C4F8 /* Hello_WorldViewController.m */ = {isa = PBXFileReference; lastKnownFileType = sourcecode.c.objc; path = Hello_WorldViewController.m; sourceTree = "<group>"; };
		8E9B6D8213BBBAB900C8C4F8 /* icon.png */ = {isa = PBXFileReference; lastKnownFileType = image.png; path = icon.png; sourceTree = "<group>"; };
		8E9B6D8413BBBAC000C8C4F8 /* icon@2x.png */ = {isa = PBXFileReference; lastKnownFileType = image.png; path = "icon@2x.png"; sourceTree = "<group>"; };
		8E9B6D8713BBBAFC00C8C4F8 /* Default.png */ = {isa = PBXFileReference; lastKnownFileType = image.png; path = Default.png; sourceTree = "<group>"; };
		8E9B6D8913BBBAFF00C8C4F8 /* Default@2x.png */ = {isa = PBXFileReference; lastKnownFileType = image.png; path = "Default@2x.png"; sourceTree = "<group>"; };
		8E9B6D8B13BBBB0A00C8C4F8 /* icon-iPad.png */ = {isa = PBXFileReference; lastKnownFileType = image.png; path = "icon-iPad.png"; sourceTree = "<group>"; };
		8E9B6D8D13BBBB0E00C8C4F8 /* Default-Landscape~ipad.png */ = {isa = PBXFileReference; lastKnownFileType = image.png; path = "Default-Landscape~ipad.png"; sourceTree = "<group>"; };
		8E9B6D8F13BBBB1200C8C4F8 /* Default-Portrait~ipad.png */ = {isa = PBXFileReference; lastKnownFileType = image.png; path = "Default-Portrait~ipad.png"; sourceTree = "<group>"; };
/* End PBXFileReference section */

/* Begin PBXFrameworksBuildPhase section */
		8E9B6D5A13BBB9C600C8C4F8 /* Frameworks */ = {
			isa = PBXFrameworksBuildPhase;
			buildActionMask = 2147483647;
			files = (
				8E9B6D6213BBB9C600C8C4F8 /* UIKit.framework in Frameworks */,
				8E9B6D6413BBB9C600C8C4F8 /* Foundation.framework in Frameworks */,
				8E9B6D6613BBB9C600C8C4F8 /* CoreGraphics.framework in Frameworks */,
			);
			runOnlyForDeploymentPostprocessing = 0;
		};
/* End PBXFrameworksBuildPhase section */

/* Begin PBXGroup section */
		8E9B6D5213BBB9C600C8C4F8 = {
			isa = PBXGroup;
			children = (
				8E9B6D6713BBB9C600C8C4F8 /* Hello World */,
				8E9B6D6013BBB9C600C8C4F8 /* Frameworks */,
				8E9B6D5E13BBB9C600C8C4F8 /* Products */,
			);
			sourceTree = "<group>";
		};
		8E9B6D5E13BBB9C600C8C4F8 /* Products */ = {
			isa = PBXGroup;
			children = (
				8E9B6D5D13BBB9C600C8C4F8 /* Hello World.app */,
			);
			name = Products;
			sourceTree = "<group>";
		};
		8E9B6D6013BBB9C600C8C4F8 /* Frameworks */ = {
			isa = PBXGroup;
			children = (
				8E9B6D6113BBB9C600C8C4F8 /* UIKit.framework */,
				8E9B6D6313BBB9C600C8C4F8 /* Foundation.framework */,
				8E9B6D6513BBB9C600C8C4F8 /* CoreGraphics.framework */,
			);
			name = Frameworks;
			sourceTree = "<group>";
		};
		8E9B6D6713BBB9C600C8C4F8 /* Hello World */ = {
			isa = PBXGroup;
			children = (
				8E9B6D7013BBB9C600C8C4F8 /* Hello_WorldAppDelegate.h */,
				8E9B6D7113BBB9C600C8C4F8 /* Hello_WorldAppDelegate.m */,
				8E9B6D7313BBB9C600C8C4F8 /* MainStoryboard_iPhone.storyboard */,
				8E9B6D7913BBB9C600C8C4F8 /* Hello_WorldViewController.h */,
				8E9B6D7B13BBB9C600C8C4F8 /* Hello_WorldViewController.m */,
				8E9B6D6813BBB9C600C8C4F8 /* Supporting Files */,
			);
			path = "Hello World";
			sourceTree = "<group>";
		};
		8E9B6D6813BBB9C600C8C4F8 /* Supporting Files */ = {
			isa = PBXGroup;
			children = (
				8E9B6D8613BBBAE000C8C4F8 /* Art */,
				8E9B6D6913BBB9C600C8C4F8 /* Hello World-Info.plist */,
				8E9B6D6A13BBB9C600C8C4F8 /* InfoPlist.strings */,
				8E9B6D6D13BBB9C600C8C4F8 /* main.m */,
				8E9B6D6F13BBB9C600C8C4F8 /* Hello World-Prefix.pch */,
			);
			name = "Supporting Files";
			sourceTree = "<group>";
		};
		8E9B6D8613BBBAE000C8C4F8 /* Art */ = {
			isa = PBXGroup;
			children = (
				8E9B6D8F13BBBB1200C8C4F8 /* Default-Portrait~ipad.png */,
				8E9B6D8D13BBBB0E00C8C4F8 /* Default-Landscape~ipad.png */,
				8E9B6D8B13BBBB0A00C8C4F8 /* icon-iPad.png */,
				8E9B6D8913BBBAFF00C8C4F8 /* Default@2x.png */,
				8E9B6D8713BBBAFC00C8C4F8 /* Default.png */,
				8E9B6D8413BBBAC000C8C4F8 /* icon@2x.png */,
				8E9B6D8213BBBAB900C8C4F8 /* icon.png */,
			);
			name = Art;
			path = ..;
			sourceTree = "<group>";
		};
/* End PBXGroup section */

/* Begin PBXNativeTarget section */
		8E9B6D5C13BBB9C600C8C4F8 /* Hello World */ = {
			isa = PBXNativeTarget;
			buildConfigurationList = 8E9B6D7F13BBB9C600C8C4F8 /* Build configuration list for PBXNativeTarget "Hello World" */;
			buildPhases = (
				8E9B6D5913BBB9C600C8C4F8 /* Sources */,
				8E9B6D5A13BBB9C600C8C4F8 /* Frameworks */,
				8E9B6D5B13BBB9C600C8C4F8 /* Resources */,
			);
			buildRules = (
			);
			dependencies = (
			);
			name = "Hello World";
			productName = "Hello World";
			productReference = 8E9B6D5D13BBB9C600C8C4F8 /* Hello World.app */;
			productType = "com.apple.product-type.application";
		};
/* End PBXNativeTarget section */

/* Begin PBXProject section */
		8E9B6D5413BBB9C600C8C4F8 /* Project object */ = {
			isa = PBXProject;
			attributes = {
				LastUpgradeCheck = 0420;
			};
			buildConfigurationList = 8E9B6D5713BBB9C600C8C4F8 /* Build configuration list for PBXProject "Hello World" */;
			compatibilityVersion = "Xcode 3.2";
			developmentRegion = English;
			hasScannedForEncodings = 0;
			knownRegions = (
				en,
			);
			mainGroup = 8E9B6D5213BBB9C600C8C4F8;
			productRefGroup = 8E9B6D5E13BBB9C600C8C4F8 /* Products */;
			projectDirPath = "";
			projectRoot = "";
			targets = (
				8E9B6D5C13BBB9C600C8C4F8 /* Hello World */,
			);
		};
/* End PBXProject section */

/* Begin PBXResourcesBuildPhase section */
		8E9B6D5B13BBB9C600C8C4F8 /* Resources */ = {
			isa = PBXResourcesBuildPhase;
			buildActionMask = 2147483647;
			files = (
				8E9B6D6C13BBB9C600C8C4F8 /* InfoPlist.strings in Resources */,
				8E9B6D7513BBB9C600C8C4F8 /* MainStoryboard_iPhone.storyboard in Resources */,
				8E9B6D7A13BBB9C600C8C4F8 /* Hello_WorldViewController.h in Resources */,
				8E9B6D8313BBBAB900C8C4F8 /* icon.png in Resources */,
				8E9B6D8513BBBAC000C8C4F8 /* icon@2x.png in Resources */,
				8E9B6D8813BBBAFC00C8C4F8 /* Default.png in Resources */,
				8E9B6D8A13BBBAFF00C8C4F8 /* Default@2x.png in Resources */,
				8E9B6D8C13BBBB0A00C8C4F8 /* icon-iPad.png in Resources */,
				8E9B6D8E13BBBB0E00C8C4F8 /* Default-Landscape~ipad.png in Resources */,
				8E9B6D9013BBBB1200C8C4F8 /* Default-Portrait~ipad.png in Resources */,
			);
			runOnlyForDeploymentPostprocessing = 0;
		};
/* End PBXResourcesBuildPhase section */

/* Begin PBXSourcesBuildPhase section */
		8E9B6D5913BBB9C600C8C4F8 /* Sources */ = {
			isa = PBXSourcesBuildPhase;
			buildActionMask = 2147483647;
			files = (
				8E9B6D6E13BBB9C600C8C4F8 /* main.m in Sources */,
				8E9B6D7213BBB9C600C8C4F8 /* Hello_WorldAppDelegate.m in Sources */,
				8E9B6D7C13BBB9C600C8C4F8 /* Hello_WorldViewController.m in Sources */,
			);
			runOnlyForDeploymentPostprocessing = 0;
		};
/* End PBXSourcesBuildPhase section */

/* Begin PBXVariantGroup section */
		8E9B6D6A13BBB9C600C8C4F8 /* InfoPlist.strings */ = {
			isa = PBXVariantGroup;
			children = (
				8E9B6D6B13BBB9C600C8C4F8 /* en */,
			);
			name = InfoPlist.strings;
			sourceTree = "<group>";
		};
		8E9B6D7313BBB9C600C8C4F8 /* MainStoryboard_iPhone.storyboard */ = {
			isa = PBXVariantGroup;
			children = (
				8E9B6D7413BBB9C600C8C4F8 /* en */,
			);
			name = MainStoryboard_iPhone.storyboard;
			sourceTree = "<group>";
		};
/* End PBXVariantGroup section */

/* Begin XCBuildConfiguration section */
		8E9B6D7D13BBB9C600C8C4F8 /* Debug */ = {
			isa = XCBuildConfiguration;
			buildSettings = {
				ALWAYS_SEARCH_USER_PATHS = NO;
				ARCHS = "$(ARCHS_STANDARD_32_BIT)";
				CLANG_ENABLE_OBJC_ARC = YES;
				"CODE_SIGN_IDENTITY[sdk=iphoneos*]" = "iPhone Developer";
				COPY_PHASE_STRIP = NO;
				GCC_C_LANGUAGE_STANDARD = gnu99;
				GCC_DYNAMIC_NO_PIC = NO;
				GCC_OPTIMIZATION_LEVEL = 0;
				GCC_PREPROCESSOR_DEFINITIONS = (
					"DEBUG=1",
					"$(inherited)",
				);
				GCC_SYMBOLS_PRIVATE_EXTERN = NO;
				GCC_VERSION = com.apple.compilers.llvm.clang.1_0;
				GCC_WARN_ABOUT_MISSING_PROTOTYPES = YES;
				GCC_WARN_ABOUT_RETURN_TYPE = YES;
				GCC_WARN_UNUSED_VARIABLE = YES;
				IPHONEOS_DEPLOYMENT_TARGET = 5.0;
				SDKROOT = iphoneos;
				TARGETED_DEVICE_FAMILY = "1,2";
			};
			name = Debug;
		};
		8E9B6D7E13BBB9C600C8C4F8 /* Release */ = {
			isa = XCBuildConfiguration;
			buildSettings = {
				ALWAYS_SEARCH_USER_PATHS = NO;
				ARCHS = "$(ARCHS_STANDARD_32_BIT)";
				CLANG_ENABLE_OBJC_ARC = YES;
				"CODE_SIGN_IDENTITY[sdk=iphoneos*]" = "iPhone Developer";
				COPY_PHASE_STRIP = YES;
				GCC_C_LANGUAGE_STANDARD = gnu99;
				GCC_VERSION = com.apple.compilers.llvm.clang.1_0;
				GCC_WARN_ABOUT_MISSING_PROTOTYPES = YES;
				GCC_WARN_ABOUT_RETURN_TYPE = YES;
				GCC_WARN_UNUSED_VARIABLE = YES;
				IPHONEOS_DEPLOYMENT_TARGET = 5.0;
				OTHER_CFLAGS = "-DNS_BLOCK_ASSERTIONS=1";
				SDKROOT = iphoneos;
				TARGETED_DEVICE_FAMILY = "1,2";
				VALIDATE_PRODUCT = YES;
			};
			name = Release;
		};
		8E9B6D8013BBB9C600C8C4F8 /* Debug */ = {
			isa = XCBuildConfiguration;
			buildSettings = {
				GCC_PRECOMPILE_PREFIX_HEADER = YES;
				GCC_PREFIX_HEADER = "Hello World/Hello World-Prefix.pch";
				INFOPLIST_FILE = "Hello World/Hello World-Info.plist";
				PRODUCT_NAME = "$(TARGET_NAME)";
				TARGETED_DEVICE_FAMILY = 1;
				WRAPPER_EXTENSION = app;
			};
			name = Debug;
		};
		8E9B6D8113BBB9C600C8C4F8 /* Release */ = {
			isa = XCBuildConfiguration;
			buildSettings = {
				GCC_PRECOMPILE_PREFIX_HEADER = YES;
				GCC_PREFIX_HEADER = "Hello World/Hello World-Prefix.pch";
				INFOPLIST_FILE = "Hello World/Hello World-Info.plist";
				PRODUCT_NAME = "$(TARGET_NAME)";
				TARGETED_DEVICE_FAMILY = 1;
				WRAPPER_EXTENSION = app;
			};
			name = Release;
		};
/* End XCBuildConfiguration section */

/* Begin XCConfigurationList section */
		8E9B6D5713BBB9C600C8C4F8 /* Build configuration list for PBXProject "Hello World" */ = {
			isa = XCConfigurationList;
			buildConfigurations = (
				8E9B6D7D13BBB9C600C8C4F8 /* Debug */,
				8E9B6D7E13BBB9C600C8C4F8 /* Release */,
			);
			defaultConfigurationIsVisible = 0;
			defaultConfigurationName = Release;
		};
		8E9B6D7F13BBB9C600C8C4F8 /* Build configuration list for PBXNativeTarget "Hello World" */ = {
			isa = XCConfigurationList;
			buildConfigurations = (
				8E9B6D8013BBB9C600C8C4F8 /* Debug */,
				8E9B6D8113BBB9C600C8C4F8 /* Release */,
			);
			defaultConfigurationIsVisible = 0;
			defaultConfigurationName = Release;
		};
/* End XCConfigurationList section */
	};
	rootObject = 8E9B6D5413BBB9C600C8C4F8 /* Project object */;
}
